
Microsoft Visual Studio Solution File, Format Version 12.00
# Visual Studio Version 17
VisualStudioVersion = 17.0.32228.444
MinimumVisualStudioVersion = 10.0.40219.1
Project("{FAE04EC0-301F-11D3-BF4B-00C04F79EFBC}") = "AoC2022Day8", "AoC2022Day8\AoC2022Day8.csproj", "{0A6F7EDE-CB28-43AD-8D5F-02B639A74516}"
EndProject
Global
	GlobalSection(SolutionConfigurationPlatforms) = preSolution
		Debug|Any CPU = Debug|Any CPU
		Release|Any CPU = Release|Any CPU
	EndGlobalSection
	GlobalSection(ProjectConfigurationPlatforms) = postSolution
		{0A6F7EDE-CB28-43AD-8D5F-02B639A74516}.Debug|Any CPU.ActiveCfg = Debug|Any CPU
		{0A6F7EDE-CB28-43AD-8D5F-02B639A74516}.Debug|Any CPU.Build.0 = Debug|Any CPU
		{0A6F7EDE-CB28-43AD-8D5F-02B639A74516}.Release|Any CPU.ActiveCfg = Release|Any CPU
		{0A6F7EDE-CB28-43AD-8D5F-02B639A74516}.Release|Any CPU.Build.0 = Release|Any CPU
	EndGlobalSection
	GlobalSection(SolutionProperties) = preSolution
		HideSolutionNode = FALSE
	EndGlobalSection
	GlobalSection(ExtensibilityGlobals) = postSolution
		SolutionGuid = {59F262A1-D87C-49A5-A6E6-5D23E38A0C83}
	EndGlobalSection
EndGlobal
